{
  "name": "evnova-to-endless-sky",
  "lockfileVersion": 3,
  "requires": true,
  "packages": {
    "": {
      "name": "evnova-to-endless-sky",
      "dependencies": {
        "novaparse": "github:mattsoulanille/NovaParse"
      }
    },
    "node_modules/@types/node": {
      "version": "26.2.0",
      "resolved": "https://registry.npmjs.org/@types/node/-/node-26.2.0.tgz",
      "integrity": "sha512-5IviulTZeRNp2vAJ514cc/HUlY5nZ9fCbq9DMyC52BrhFZACo3nI0R7qBxhQmo/d27NFe96ur/b7Wwxklda+kg==",
      "license": "MIT",
      "dependencies": {
        "undici-types": "~8.3.0"
      }
    },
    "node_modules/@types/pngjs": {
      "version": "3.4.2",
      "resolved": "https://registry.npmjs.org/@types/pngjs/-/pngjs-3.4.2.tgz",
      "integrity": "sha512-LJVPDraJ5YFEnMHnzxTN4psdWz1M61MtaAAWPn3qnDk5fvs7BAmmQ9pd3KPlrdrvozMyne4ktanD4pg0L7x1Pw==",
      "license": "MIT",
      "dependencies": {
        "@types/node": "*"
      }
    },
    "node_modules/hull.js": {
      "version": "0.2.11",
      "resolved": "https://registry.npmjs.org/hull.js/-/hull.js-0.2.11.tgz",
      "integrity": "sha512-WEmMRCFqoZA0d7bD9KY9RK0rTBKRfNqDExi8OvFz5A57hpywyc0Wd5N4egF9cU+E69p1KjE/fTIYU4CjOgXdZQ==",
      "deprecated": "This package is unmaintained and vulnerable. Do not use it.",
      "license": "BSD"
    },
    "node_modules/novadatainterface": {
      "version": "0.1.6",
      "resolved": "https://registry.npmjs.org/novadatainterface/-/novadatainterface-0.1.6.tgz",
      "integrity": "sha512-alHHqDZQ2Mu4c0rjSeObxMj2MN4gCgdMdaEfeems0yNXjeQmkAtjdhWXGZdpGUxZ1FE+IN5u1ACtSWe9jdY/TA==",
      "license": "MIT",
      "dependencies": {
        "@types/pngjs": "^3.3.2",
        "pngjs": "^3.3.3",
        "typescript": "^3.4.1"
      }
    },
    "node_modules/novaparse": {
      "version": "0.1.12",
      "resolved": "git+ssh://git@github.com/mattsoulanille/NovaParse.git#44530076888f45873e54c9ac1b460a246be308ed",
      "license": "MIT",
      "dependencies": {
        "@types/pngjs": "^3.3.2",
        "hull.js": "^0.2.10",
        "novadatainterface": "^0.1.5",
        "pngjs": "^3.3.3",
        "resourceforkjs": "^0.1.0",
        "stringview": "^2.0.1"
      }
    },
    "node_modules/pngjs": {
      "version": "3.4.0",
      "resolved": "https://registry.npmjs.org/pngjs/-/pngjs-3.4.0.tgz",
      "integrity": "sha512-NCrCHhWmnQklfH4MtJMRjZ2a8c80qXeMlQMv2uVp9ISJMTt562SbGd6n2oq0PaPgKm7Z6pL9E2UlLIhC+SHL3w==",
      "license": "MIT",
      "engines": {
        "node": ">=4.0.0"
      }
    },
    "node_modules/resourceforkjs": {
      "version": "0.1.0",
      "resolved": "https://registry.npmjs.org/resourceforkjs/-/resourceforkjs-0.1.0.tgz",
      "integrity": "sha512-2riuNS2qfy2uLaqG+GUnIsGSow4adoxK8vVQQeqoiJxktpO/YldSrzTPSBzL/9KeQIecKc27+vadb6edVtVNcQ==",
      "license": "MIT",
      "dependencies": {
        "typescript": "^3.1.6"
      }
    },
    "node_modules/stringview": {
      "version": "2.1.1",
      "resolved": "https://registry.npmjs.org/stringview/-/stringview-2.1.1.tgz",
      "integrity": "sha512-hsaj+P//gLkAnYB6QUT5Kg/2T/ExTfNJUvKhRe980H8rRrXLlG4Q3U2EITbu4Ku1k/Aw/4MZHUUiNZVJtm63PQ==",
      "license": "BSD"
    },
    "node_modules/typescript": {
      "version": "3.9.10",
      "resolved": "https://registry.npmjs.org/typescript/-/typescript-3.9.10.tgz",
      "integrity": "sha512-w6fIxVE/H1PkLKcCPsFqKE7Kv7QUwhU8qQY2MueZXWx5cPZdwFupLgKK3vntcK98BtNHZtAF4LA/yl2a7k8R6Q==",
      "license": "Apache-2.0",
      "bin": {
        "tsc": "bin/tsc",
        "tsserver": "bin/tsserver"
      },
      "engines": {
        "node": ">=4.2.0"
      }
    },
    "node_modules/undici-types": {
      "version": "8.3.0",
      "resolved": "https://registry.npmjs.org/undici-types/-/undici-types-8.3.0.tgz",
      "integrity": "sha512-j375ScV60dom+YkPFIfTLcOiPxkN/buHz5GobjLhixFuANaNs3C9l4GmrWqejgXWJ7BbJcFYpTEUkS1Ge8bpZQ==",
      "license": "MIT"
    }
  }
}
